
Microsoft Visual Studio Solution File, Format Version 12.00
# Visual Studio Version 17
VisualStudioVersion = 17.1.32319.34
MinimumVisualStudioVersion = 10.0.40219.1
Project("{9A19103F-16F7-4668-BE54-9A1E7A4F7556}") = "CRM.DataLayer", "CRM_DataLayer\CRM.DataLayer.csproj", "{3FBD2995-B7B3-434A-821B-E7136A3BCE30}"
EndProject
Project("{00D1A9C2-B5F0-4AF3-8072-F6C62B433612}") = "CRM_System.DB", "CRM_System.DB\CRM_System.DB.sqlproj", "{C37C13B5-AC5D-45B4-94CC-644C599591F9}"
EndProject
Global
	GlobalSection(SolutionConfigurationPlatforms) = preSolution
		Debug|Any CPU = Debug|Any CPU
		Release|Any CPU = Release|Any CPU
	EndGlobalSection
	GlobalSection(ProjectConfigurationPlatforms) = postSolution
		{3FBD2995-B7B3-434A-821B-E7136A3BCE30}.Debug|Any CPU.ActiveCfg = Debug|Any CPU
		{3FBD2995-B7B3-434A-821B-E7136A3BCE30}.Debug|Any CPU.Build.0 = Debug|Any CPU
		{3FBD2995-B7B3-434A-821B-E7136A3BCE30}.Release|Any CPU.ActiveCfg = Release|Any CPU
		{3FBD2995-B7B3-434A-821B-E7136A3BCE30}.Release|Any CPU.Build.0 = Release|Any CPU
		{C37C13B5-AC5D-45B4-94CC-644C599591F9}.Debug|Any CPU.ActiveCfg = Debug|Any CPU
		{C37C13B5-AC5D-45B4-94CC-644C599591F9}.Debug|Any CPU.Build.0 = Debug|Any CPU
		{C37C13B5-AC5D-45B4-94CC-644C599591F9}.Debug|Any CPU.Deploy.0 = Debug|Any CPU
		{C37C13B5-AC5D-45B4-94CC-644C599591F9}.Release|Any CPU.ActiveCfg = Release|Any CPU
		{C37C13B5-AC5D-45B4-94CC-644C599591F9}.Release|Any CPU.Build.0 = Release|Any CPU
		{C37C13B5-AC5D-45B4-94CC-644C599591F9}.Release|Any CPU.Deploy.0 = Release|Any CPU
	EndGlobalSection
	GlobalSection(SolutionProperties) = preSolution
		HideSolutionNode = FALSE
	EndGlobalSection
	GlobalSection(ExtensibilityGlobals) = postSolution
		SolutionGuid = {33312E89-CEF4-4D23-B239-1A27193B7638}
	EndGlobalSection
EndGlobal
