
Microsoft Visual Studio Solution File, Format Version 12.00
# Visual Studio Version 17
VisualStudioVersion = 17.1.32319.34
MinimumVisualStudioVersion = 10.0.40219.1
Project("{9A19103F-16F7-4668-BE54-9A1E7A4F7556}") = "CRM_System.DataLayer", "CRM_DataLayer\CRM_System.DataLayer.csproj", "{3FBD2995-B7B3-434A-821B-E7136A3BCE30}"
EndProject
Project("{00D1A9C2-B5F0-4AF3-8072-F6C62B433612}") = "CRM_System.DB", "CRM_System.DB\CRM_System.DB.sqlproj", "{C37C13B5-AC5D-45B4-94CC-644C599591F9}"
EndProject
Project("{9A19103F-16F7-4668-BE54-9A1E7A4F7556}") = "CRM_System.BusinessLayer", "CRM_System.BusinessLayer\CRM_System.BusinessLayer.csproj", "{C5608536-422E-4F5A-8775-F1ADE3A14E2A}"
EndProject
Project("{9A19103F-16F7-4668-BE54-9A1E7A4F7556}") = "CRM_System.API", "CRM_System.API\CRM_System.API.csproj", "{4E7FC3D2-0B6F-4D29-91DE-9F6153235ECD}"
EndProject
Project("{9A19103F-16F7-4668-BE54-9A1E7A4F7556}") = "CRM_System.API.Tests", "CRM_System.API.Tests\CRM_System.API.Tests.csproj", "{C8EB1E9F-63C3-4A40-9305-26DCB43265E5}"
EndProject
Project("{9A19103F-16F7-4668-BE54-9A1E7A4F7556}") = "CRM_System.BusinessLayer.Tests", "CRM_System.BusinessLayer.Tests\CRM_System.BusinessLayer.Tests.csproj", "{A349E005-617F-42EE-8AE7-DD498B8870B4}"
EndProject
Project("{9A19103F-16F7-4668-BE54-9A1E7A4F7556}") = "DataFiller", "DataFiller\DataFiller.csproj", "{A6F2B760-1CF2-47F4-8F65-5CED6D852276}"
EndProject
Global
	GlobalSection(SolutionConfigurationPlatforms) = preSolution
		Debug|Any CPU = Debug|Any CPU
		Release|Any CPU = Release|Any CPU
	EndGlobalSection
	GlobalSection(ProjectConfigurationPlatforms) = postSolution
		{3FBD2995-B7B3-434A-821B-E7136A3BCE30}.Debug|Any CPU.ActiveCfg = Debug|Any CPU
		{3FBD2995-B7B3-434A-821B-E7136A3BCE30}.Debug|Any CPU.Build.0 = Debug|Any CPU
		{3FBD2995-B7B3-434A-821B-E7136A3BCE30}.Release|Any CPU.ActiveCfg = Release|Any CPU
		{3FBD2995-B7B3-434A-821B-E7136A3BCE30}.Release|Any CPU.Build.0 = Release|Any CPU
		{C37C13B5-AC5D-45B4-94CC-644C599591F9}.Debug|Any CPU.ActiveCfg = Debug|Any CPU
		{C37C13B5-AC5D-45B4-94CC-644C599591F9}.Debug|Any CPU.Build.0 = Debug|Any CPU
		{C37C13B5-AC5D-45B4-94CC-644C599591F9}.Debug|Any CPU.Deploy.0 = Debug|Any CPU
		{C37C13B5-AC5D-45B4-94CC-644C599591F9}.Release|Any CPU.ActiveCfg = Release|Any CPU
		{C37C13B5-AC5D-45B4-94CC-644C599591F9}.Release|Any CPU.Build.0 = Release|Any CPU
		{C37C13B5-AC5D-45B4-94CC-644C599591F9}.Release|Any CPU.Deploy.0 = Release|Any CPU
		{C5608536-422E-4F5A-8775-F1ADE3A14E2A}.Debug|Any CPU.ActiveCfg = Debug|Any CPU
		{C5608536-422E-4F5A-8775-F1ADE3A14E2A}.Debug|Any CPU.Build.0 = Debug|Any CPU
		{C5608536-422E-4F5A-8775-F1ADE3A14E2A}.Release|Any CPU.ActiveCfg = Release|Any CPU
		{C5608536-422E-4F5A-8775-F1ADE3A14E2A}.Release|Any CPU.Build.0 = Release|Any CPU
		{4E7FC3D2-0B6F-4D29-91DE-9F6153235ECD}.Debug|Any CPU.ActiveCfg = Debug|Any CPU
		{4E7FC3D2-0B6F-4D29-91DE-9F6153235ECD}.Debug|Any CPU.Build.0 = Debug|Any CPU
		{4E7FC3D2-0B6F-4D29-91DE-9F6153235ECD}.Release|Any CPU.ActiveCfg = Release|Any CPU
		{4E7FC3D2-0B6F-4D29-91DE-9F6153235ECD}.Release|Any CPU.Build.0 = Release|Any CPU
		{C8EB1E9F-63C3-4A40-9305-26DCB43265E5}.Debug|Any CPU.ActiveCfg = Debug|Any CPU
		{C8EB1E9F-63C3-4A40-9305-26DCB43265E5}.Debug|Any CPU.Build.0 = Debug|Any CPU
		{C8EB1E9F-63C3-4A40-9305-26DCB43265E5}.Release|Any CPU.ActiveCfg = Release|Any CPU
		{C8EB1E9F-63C3-4A40-9305-26DCB43265E5}.Release|Any CPU.Build.0 = Release|Any CPU
		{A349E005-617F-42EE-8AE7-DD498B8870B4}.Debug|Any CPU.ActiveCfg = Debug|Any CPU
		{A349E005-617F-42EE-8AE7-DD498B8870B4}.Debug|Any CPU.Build.0 = Debug|Any CPU
		{A349E005-617F-42EE-8AE7-DD498B8870B4}.Release|Any CPU.ActiveCfg = Release|Any CPU
		{A349E005-617F-42EE-8AE7-DD498B8870B4}.Release|Any CPU.Build.0 = Release|Any CPU
		{A6F2B760-1CF2-47F4-8F65-5CED6D852276}.Debug|Any CPU.ActiveCfg = Debug|Any CPU
		{A6F2B760-1CF2-47F4-8F65-5CED6D852276}.Debug|Any CPU.Build.0 = Debug|Any CPU
		{A6F2B760-1CF2-47F4-8F65-5CED6D852276}.Release|Any CPU.ActiveCfg = Release|Any CPU
		{A6F2B760-1CF2-47F4-8F65-5CED6D852276}.Release|Any CPU.Build.0 = Release|Any CPU
	EndGlobalSection
	GlobalSection(SolutionProperties) = preSolution
		HideSolutionNode = FALSE
	EndGlobalSection
	GlobalSection(ExtensibilityGlobals) = postSolution
		SolutionGuid = {33312E89-CEF4-4D23-B239-1A27193B7638}
	EndGlobalSection
EndGlobal
